
Microsoft Visual Studio Solution File, Format Version 12.00
# Visual Studio Version 17
VisualStudioVersion = 17.13.35825.156 d17.13
MinimumVisualStudioVersion = 10.0.40219.1
Project("{FAE04EC0-301F-11D3-BF4B-00C04F79EFBC}") = "minimumelement", "minimumelement\minimumelement.csproj", "{7B9B858B-DF0F-48EE-8B7E-BD2D807E112B}"
EndProject
Global
	GlobalSection(SolutionConfigurationPlatforms) = preSolution
		Debug|Any CPU = Debug|Any CPU
		Release|Any CPU = Release|Any CPU
	EndGlobalSection
	GlobalSection(ProjectConfigurationPlatforms) = postSolution
		{7B9B858B-DF0F-48EE-8B7E-BD2D807E112B}.Debug|Any CPU.ActiveCfg = Debug|Any CPU
		{7B9B858B-DF0F-48EE-8B7E-BD2D807E112B}.Debug|Any CPU.Build.0 = Debug|Any CPU
		{7B9B858B-DF0F-48EE-8B7E-BD2D807E112B}.Release|Any CPU.ActiveCfg = Release|Any CPU
		{7B9B858B-DF0F-48EE-8B7E-BD2D807E112B}.Release|Any CPU.Build.0 = Release|Any CPU
	EndGlobalSection
	GlobalSection(SolutionProperties) = preSolution
		HideSolutionNode = FALSE
	EndGlobalSection
	GlobalSection(ExtensibilityGlobals) = postSolution
		SolutionGuid = {6105ED38-F96C-48F6-9D7B-192C9921959B}
	EndGlobalSection
EndGlobal
